schema: '2.0'
stages:
  process:
    cmd: py src/process_ratings.py
    deps:
    - path: data/raw/ratings.csv
      hash: md5
      md5: 6d993b298f7400e1e9896613ff4f69b1
      size: 60565
    outs:
    - path: data/processed/ratings_clean.csv
      hash: md5
      md5: ee246cc298300f78dd7b4db9b29e038a
      size: 60321
  features:
    cmd: py src/create_features.py
    deps:
    - path: data/processed/ratings_clean.csv
      hash: md5
      md5: ee246cc298300f78dd7b4db9b29e038a
      size: 60321
    outs:
    - path: models/user_similarity.pkl
      hash: md5
      md5: a6c66ecc24d7706d8cee1e988be5863e
      size: 160764
  ingest:
    cmd: py -m src.ingest
    deps:
    - path: data/raw/ratings.csv
      hash: md5
      md5: 6ee23e37d714745357a528f790ec3fcb
      size: 73675
    - path: src/config.py
      hash: md5
      md5: 49edce5513087950bb1bbfb62056834e
      size: 761
    - path: src/ingest.py
      hash: md5
      md5: b8556f92ea320602dc6b26170a4f322c
      size: 3079
    outs:
    - path: data/processed/ratings_clean.csv
      hash: md5
      md5: 2ec7d8e82a1eee565db60fb3ba8e92bb
      size: 70314
    - path: evaluations/validation_report.json
      hash: md5
      md5: d12c5b604f381ad1b901432de12697d4
      size: 114
